
Microsoft Visual Studio Solution File, Format Version 12.00
# Visual Studio Version 16
VisualStudioVersion = 16.0.28803.202
MinimumVisualStudioVersion = 10.0.40219.1
Project("{9A19103F-16F7-4668-BE54-9A1E7A4F7556}") = "Monitor", "Monitor.csproj", "{81D795E6-D8A4-428D-857B-B6266D55775E}"
EndProject
Global
	GlobalSection(SolutionConfigurationPlatforms) = preSolution
		Debug|Any CPU = Debug|Any CPU
		Release|Any CPU = Release|Any CPU
	EndGlobalSection
	GlobalSection(ProjectConfigurationPlatforms) = postSolution
		{81D795E6-D8A4-428D-857B-B6266D55775E}.Debug|Any CPU.ActiveCfg = Debug|Any CPU
		{81D795E6-D8A4-428D-857B-B6266D55775E}.Debug|Any CPU.Build.0 = Debug|Any CPU
		{81D795E6-D8A4-428D-857B-B6266D55775E}.Release|Any CPU.ActiveCfg = Release|Any CPU
		{81D795E6-D8A4-428D-857B-B6266D55775E}.Release|Any CPU.Build.0 = Release|Any CPU
	EndGlobalSection
	GlobalSection(SolutionProperties) = preSolution
		HideSolutionNode = FALSE
	EndGlobalSection
	GlobalSection(ExtensibilityGlobals) = postSolution
		SolutionGuid = {D1ED8E2C-7265-486C-A99F-D2A35D6F3457}
	EndGlobalSection
EndGlobal
